
Microsoft Visual Studio Solution File, Format Version 12.00
# Visual Studio Version 16
VisualStudioVersion = 16.0.29418.71
MinimumVisualStudioVersion = 10.0.40219.1
Project("{9A19103F-16F7-4668-BE54-9A1E7A4F7556}") = "GoogleSheetI18n.Api.Tests", "GoogleSheetI18n.Tests\GoogleSheetI18n.Api.Tests.csproj", "{607891C5-869B-4199-879C-0E83B879DE29}"
EndProject
Project("{9A19103F-16F7-4668-BE54-9A1E7A4F7556}") = "GoogleSheetI18n.Api", "GoogleSheetI18n\GoogleSheetI18n.Api.csproj", "{2D357CF0-FBB6-43FE-A198-FDA92FE8FE7A}"
EndProject
Project("{9A19103F-16F7-4668-BE54-9A1E7A4F7556}") = "GoogleSheetI18n.Api.SimpleWebApi", "GoogleSheetI18n.Api.SimpleWebApi\GoogleSheetI18n.Api.SimpleWebApi.csproj", "{4676FA18-14E9-4190-82D0-5992A2A6F820}"
EndProject
Global
	GlobalSection(SolutionConfigurationPlatforms) = preSolution
		Debug|Any CPU = Debug|Any CPU
		Release|Any CPU = Release|Any CPU
	EndGlobalSection
	GlobalSection(ProjectConfigurationPlatforms) = postSolution
		{607891C5-869B-4199-879C-0E83B879DE29}.Debug|Any CPU.ActiveCfg = Debug|Any CPU
		{607891C5-869B-4199-879C-0E83B879DE29}.Debug|Any CPU.Build.0 = Debug|Any CPU
		{607891C5-869B-4199-879C-0E83B879DE29}.Release|Any CPU.ActiveCfg = Release|Any CPU
		{607891C5-869B-4199-879C-0E83B879DE29}.Release|Any CPU.Build.0 = Release|Any CPU
		{2D357CF0-FBB6-43FE-A198-FDA92FE8FE7A}.Debug|Any CPU.ActiveCfg = Debug|Any CPU
		{2D357CF0-FBB6-43FE-A198-FDA92FE8FE7A}.Debug|Any CPU.Build.0 = Debug|Any CPU
		{2D357CF0-FBB6-43FE-A198-FDA92FE8FE7A}.Release|Any CPU.ActiveCfg = Release|Any CPU
		{2D357CF0-FBB6-43FE-A198-FDA92FE8FE7A}.Release|Any CPU.Build.0 = Release|Any CPU
		{4676FA18-14E9-4190-82D0-5992A2A6F820}.Debug|Any CPU.ActiveCfg = Debug|Any CPU
		{4676FA18-14E9-4190-82D0-5992A2A6F820}.Debug|Any CPU.Build.0 = Debug|Any CPU
		{4676FA18-14E9-4190-82D0-5992A2A6F820}.Release|Any CPU.ActiveCfg = Release|Any CPU
		{4676FA18-14E9-4190-82D0-5992A2A6F820}.Release|Any CPU.Build.0 = Release|Any CPU
	EndGlobalSection
	GlobalSection(SolutionProperties) = preSolution
		HideSolutionNode = FALSE
	EndGlobalSection
	GlobalSection(ExtensibilityGlobals) = postSolution
		SolutionGuid = {5FE20D68-7C88-42BB-8F8C-E9229E0BDD78}
	EndGlobalSection
EndGlobal
